
Microsoft Visual Studio Solution File, Format Version 12.00
# Visual Studio Version 16
VisualStudioVersion = 16.0.29306.81
MinimumVisualStudioVersion = 10.0.40219.1
Project("{8BC9CEB8-8B4A-11D0-8D11-00A0C91BC942}") = "48 - 堆空间开辟结构体", "48 - 堆空间开辟结构体.vcxproj", "{809DF941-5234-4BBA-80E5-6609D201A05C}"
EndProject
Global
	GlobalSection(SolutionConfigurationPlatforms) = preSolution
		Debug|x64 = Debug|x64
		Debug|x86 = Debug|x86
		Release|x64 = Release|x64
		Release|x86 = Release|x86
	EndGlobalSection
	GlobalSection(ProjectConfigurationPlatforms) = postSolution
		{809DF941-5234-4BBA-80E5-6609D201A05C}.Debug|x64.ActiveCfg = Debug|x64
		{809DF941-5234-4BBA-80E5-6609D201A05C}.Debug|x64.Build.0 = Debug|x64
		{809DF941-5234-4BBA-80E5-6609D201A05C}.Debug|x86.ActiveCfg = Debug|Win32
		{809DF941-5234-4BBA-80E5-6609D201A05C}.Debug|x86.Build.0 = Debug|Win32
		{809DF941-5234-4BBA-80E5-6609D201A05C}.Release|x64.ActiveCfg = Release|x64
		{809DF941-5234-4BBA-80E5-6609D201A05C}.Release|x64.Build.0 = Release|x64
		{809DF941-5234-4BBA-80E5-6609D201A05C}.Release|x86.ActiveCfg = Release|Win32
		{809DF941-5234-4BBA-80E5-6609D201A05C}.Release|x86.Build.0 = Release|Win32
	EndGlobalSection
	GlobalSection(SolutionProperties) = preSolution
		HideSolutionNode = FALSE
	EndGlobalSection
	GlobalSection(ExtensibilityGlobals) = postSolution
		SolutionGuid = {2FCF0E35-5652-4410-8C81-D650B5D55DDC}
	EndGlobalSection
EndGlobal
