
Microsoft Visual Studio Solution File, Format Version 12.00
# Visual Studio Version 16
VisualStudioVersion = 16.0.29306.81
MinimumVisualStudioVersion = 10.0.40219.1
Project("{8BC9CEB8-8B4A-11D0-8D11-00A0C91BC942}") = "57 - 函数指针", "57 - 函数指针.vcxproj", "{10A760DE-9524-4B05-A93E-0CC5EF3FEF5B}"
EndProject
Global
	GlobalSection(SolutionConfigurationPlatforms) = preSolution
		Debug|x64 = Debug|x64
		Debug|x86 = Debug|x86
		Release|x64 = Release|x64
		Release|x86 = Release|x86
	EndGlobalSection
	GlobalSection(ProjectConfigurationPlatforms) = postSolution
		{10A760DE-9524-4B05-A93E-0CC5EF3FEF5B}.Debug|x64.ActiveCfg = Debug|x64
		{10A760DE-9524-4B05-A93E-0CC5EF3FEF5B}.Debug|x64.Build.0 = Debug|x64
		{10A760DE-9524-4B05-A93E-0CC5EF3FEF5B}.Debug|x86.ActiveCfg = Debug|Win32
		{10A760DE-9524-4B05-A93E-0CC5EF3FEF5B}.Debug|x86.Build.0 = Debug|Win32
		{10A760DE-9524-4B05-A93E-0CC5EF3FEF5B}.Release|x64.ActiveCfg = Release|x64
		{10A760DE-9524-4B05-A93E-0CC5EF3FEF5B}.Release|x64.Build.0 = Release|x64
		{10A760DE-9524-4B05-A93E-0CC5EF3FEF5B}.Release|x86.ActiveCfg = Release|Win32
		{10A760DE-9524-4B05-A93E-0CC5EF3FEF5B}.Release|x86.Build.0 = Release|Win32
	EndGlobalSection
	GlobalSection(SolutionProperties) = preSolution
		HideSolutionNode = FALSE
	EndGlobalSection
	GlobalSection(ExtensibilityGlobals) = postSolution
		SolutionGuid = {A5A21437-4569-4206-AF5D-A77ED0E24BD2}
	EndGlobalSection
EndGlobal
