
Microsoft Visual Studio Solution File, Format Version 12.00
# Visual Studio Version 16
VisualStudioVersion = 16.0.29306.81
MinimumVisualStudioVersion = 10.0.40219.1
Project("{8BC9CEB8-8B4A-11D0-8D11-00A0C91BC942}") = "102 - 案例_函数模板实现char和int冒泡排序", "102 - 案例_函数模板实现char和int冒泡排序.vcxproj", "{A9AEB4CB-03E8-4DA5-9E29-3E5F13B9616E}"
EndProject
Global
	GlobalSection(SolutionConfigurationPlatforms) = preSolution
		Debug|x64 = Debug|x64
		Debug|x86 = Debug|x86
		Release|x64 = Release|x64
		Release|x86 = Release|x86
	EndGlobalSection
	GlobalSection(ProjectConfigurationPlatforms) = postSolution
		{A9AEB4CB-03E8-4DA5-9E29-3E5F13B9616E}.Debug|x64.ActiveCfg = Debug|x64
		{A9AEB4CB-03E8-4DA5-9E29-3E5F13B9616E}.Debug|x64.Build.0 = Debug|x64
		{A9AEB4CB-03E8-4DA5-9E29-3E5F13B9616E}.Debug|x86.ActiveCfg = Debug|Win32
		{A9AEB4CB-03E8-4DA5-9E29-3E5F13B9616E}.Debug|x86.Build.0 = Debug|Win32
		{A9AEB4CB-03E8-4DA5-9E29-3E5F13B9616E}.Release|x64.ActiveCfg = Release|x64
		{A9AEB4CB-03E8-4DA5-9E29-3E5F13B9616E}.Release|x64.Build.0 = Release|x64
		{A9AEB4CB-03E8-4DA5-9E29-3E5F13B9616E}.Release|x86.ActiveCfg = Release|Win32
		{A9AEB4CB-03E8-4DA5-9E29-3E5F13B9616E}.Release|x86.Build.0 = Release|Win32
	EndGlobalSection
	GlobalSection(SolutionProperties) = preSolution
		HideSolutionNode = FALSE
	EndGlobalSection
	GlobalSection(ExtensibilityGlobals) = postSolution
		SolutionGuid = {2DA00B18-CBBB-4442-B07B-621CCAA2FAF9}
	EndGlobalSection
EndGlobal
