
Microsoft Visual Studio Solution File, Format Version 12.00
# Visual Studio Version 16
VisualStudioVersion = 16.0.29306.81
MinimumVisualStudioVersion = 10.0.40219.1
Project("{8BC9CEB8-8B4A-11D0-8D11-00A0C91BC942}") = "142 - 求叶子节点数目", "142 - 求叶子节点数目.vcxproj", "{1072E279-6471-48F8-8802-0F3CB7573F5A}"
EndProject
Global
	GlobalSection(SolutionConfigurationPlatforms) = preSolution
		Debug|x64 = Debug|x64
		Debug|x86 = Debug|x86
		Release|x64 = Release|x64
		Release|x86 = Release|x86
	EndGlobalSection
	GlobalSection(ProjectConfigurationPlatforms) = postSolution
		{1072E279-6471-48F8-8802-0F3CB7573F5A}.Debug|x64.ActiveCfg = Debug|x64
		{1072E279-6471-48F8-8802-0F3CB7573F5A}.Debug|x64.Build.0 = Debug|x64
		{1072E279-6471-48F8-8802-0F3CB7573F5A}.Debug|x86.ActiveCfg = Debug|Win32
		{1072E279-6471-48F8-8802-0F3CB7573F5A}.Debug|x86.Build.0 = Debug|Win32
		{1072E279-6471-48F8-8802-0F3CB7573F5A}.Release|x64.ActiveCfg = Release|x64
		{1072E279-6471-48F8-8802-0F3CB7573F5A}.Release|x64.Build.0 = Release|x64
		{1072E279-6471-48F8-8802-0F3CB7573F5A}.Release|x86.ActiveCfg = Release|Win32
		{1072E279-6471-48F8-8802-0F3CB7573F5A}.Release|x86.Build.0 = Release|Win32
	EndGlobalSection
	GlobalSection(SolutionProperties) = preSolution
		HideSolutionNode = FALSE
	EndGlobalSection
	GlobalSection(ExtensibilityGlobals) = postSolution
		SolutionGuid = {0FD20F61-ED24-4295-970C-652174666A5B}
	EndGlobalSection
EndGlobal
