
Microsoft Visual Studio Solution File, Format Version 12.00
# Visual Studio Version 16
VisualStudioVersion = 16.0.29306.81
MinimumVisualStudioVersion = 10.0.40219.1
Project("{8BC9CEB8-8B4A-11D0-8D11-00A0C91BC942}") = "64 - explicit 关键字_防止隐式类型转换", "64 - explicit 关键字_防止隐式类型转换.vcxproj", "{F784A663-7F74-4661-B131-346F1FBA615B}"
EndProject
Global
	GlobalSection(SolutionConfigurationPlatforms) = preSolution
		Debug|x64 = Debug|x64
		Debug|x86 = Debug|x86
		Release|x64 = Release|x64
		Release|x86 = Release|x86
	EndGlobalSection
	GlobalSection(ProjectConfigurationPlatforms) = postSolution
		{F784A663-7F74-4661-B131-346F1FBA615B}.Debug|x64.ActiveCfg = Debug|x64
		{F784A663-7F74-4661-B131-346F1FBA615B}.Debug|x64.Build.0 = Debug|x64
		{F784A663-7F74-4661-B131-346F1FBA615B}.Debug|x86.ActiveCfg = Debug|Win32
		{F784A663-7F74-4661-B131-346F1FBA615B}.Debug|x86.Build.0 = Debug|Win32
		{F784A663-7F74-4661-B131-346F1FBA615B}.Release|x64.ActiveCfg = Release|x64
		{F784A663-7F74-4661-B131-346F1FBA615B}.Release|x64.Build.0 = Release|x64
		{F784A663-7F74-4661-B131-346F1FBA615B}.Release|x86.ActiveCfg = Release|Win32
		{F784A663-7F74-4661-B131-346F1FBA615B}.Release|x86.Build.0 = Release|Win32
	EndGlobalSection
	GlobalSection(SolutionProperties) = preSolution
		HideSolutionNode = FALSE
	EndGlobalSection
	GlobalSection(ExtensibilityGlobals) = postSolution
		SolutionGuid = {A8480803-BDEC-483F-B64C-9F2A6D168A23}
	EndGlobalSection
EndGlobal
