
Microsoft Visual Studio Solution File, Format Version 12.00
# Visual Studio Version 16
VisualStudioVersion = 16.0.29306.81
MinimumVisualStudioVersion = 10.0.40219.1
Project("{8BC9CEB8-8B4A-11D0-8D11-00A0C91BC942}") = "63 - 类对象作为成员", "63 - 类对象作为成员.vcxproj", "{7003F9B9-BAF7-4F39-888E-9C8EB51F59F3}"
EndProject
Global
	GlobalSection(SolutionConfigurationPlatforms) = preSolution
		Debug|x64 = Debug|x64
		Debug|x86 = Debug|x86
		Release|x64 = Release|x64
		Release|x86 = Release|x86
	EndGlobalSection
	GlobalSection(ProjectConfigurationPlatforms) = postSolution
		{7003F9B9-BAF7-4F39-888E-9C8EB51F59F3}.Debug|x64.ActiveCfg = Debug|x64
		{7003F9B9-BAF7-4F39-888E-9C8EB51F59F3}.Debug|x64.Build.0 = Debug|x64
		{7003F9B9-BAF7-4F39-888E-9C8EB51F59F3}.Debug|x86.ActiveCfg = Debug|Win32
		{7003F9B9-BAF7-4F39-888E-9C8EB51F59F3}.Debug|x86.Build.0 = Debug|Win32
		{7003F9B9-BAF7-4F39-888E-9C8EB51F59F3}.Release|x64.ActiveCfg = Release|x64
		{7003F9B9-BAF7-4F39-888E-9C8EB51F59F3}.Release|x64.Build.0 = Release|x64
		{7003F9B9-BAF7-4F39-888E-9C8EB51F59F3}.Release|x86.ActiveCfg = Release|Win32
		{7003F9B9-BAF7-4F39-888E-9C8EB51F59F3}.Release|x86.Build.0 = Release|Win32
	EndGlobalSection
	GlobalSection(SolutionProperties) = preSolution
		HideSolutionNode = FALSE
	EndGlobalSection
	GlobalSection(ExtensibilityGlobals) = postSolution
		SolutionGuid = {9B86BAF2-33A8-4533-A4AC-572AB71E9B42}
	EndGlobalSection
EndGlobal
