
Microsoft Visual Studio Solution File, Format Version 12.00
# Visual Studio Version 16
VisualStudioVersion = 16.0.29306.81
MinimumVisualStudioVersion = 10.0.40219.1
Project("{8BC9CEB8-8B4A-11D0-8D11-00A0C91BC942}") = "113 - 动态数组", "113 - 动态数组.vcxproj", "{D5A2BC9D-15BE-43ED-9998-110B49669EEA}"
EndProject
Global
	GlobalSection(SolutionConfigurationPlatforms) = preSolution
		Debug|x64 = Debug|x64
		Debug|x86 = Debug|x86
		Release|x64 = Release|x64
		Release|x86 = Release|x86
	EndGlobalSection
	GlobalSection(ProjectConfigurationPlatforms) = postSolution
		{D5A2BC9D-15BE-43ED-9998-110B49669EEA}.Debug|x64.ActiveCfg = Debug|x64
		{D5A2BC9D-15BE-43ED-9998-110B49669EEA}.Debug|x64.Build.0 = Debug|x64
		{D5A2BC9D-15BE-43ED-9998-110B49669EEA}.Debug|x86.ActiveCfg = Debug|Win32
		{D5A2BC9D-15BE-43ED-9998-110B49669EEA}.Debug|x86.Build.0 = Debug|Win32
		{D5A2BC9D-15BE-43ED-9998-110B49669EEA}.Release|x64.ActiveCfg = Release|x64
		{D5A2BC9D-15BE-43ED-9998-110B49669EEA}.Release|x64.Build.0 = Release|x64
		{D5A2BC9D-15BE-43ED-9998-110B49669EEA}.Release|x86.ActiveCfg = Release|Win32
		{D5A2BC9D-15BE-43ED-9998-110B49669EEA}.Release|x86.Build.0 = Release|Win32
	EndGlobalSection
	GlobalSection(SolutionProperties) = preSolution
		HideSolutionNode = FALSE
	EndGlobalSection
	GlobalSection(ExtensibilityGlobals) = postSolution
		SolutionGuid = {6B694901-B496-4DB9-BD57-F589BEA68E46}
	EndGlobalSection
EndGlobal
