
Microsoft Visual Studio Solution File, Format Version 12.00
# Visual Studio Version 16
VisualStudioVersion = 16.0.29306.81
MinimumVisualStudioVersion = 10.0.40219.1
Project("{8BC9CEB8-8B4A-11D0-8D11-00A0C91BC942}") = "12-指针和数组测试", "12-指针和数组测试.vcxproj", "{F86099FF-A52B-4FAF-89A6-38DD8FE2EF32}"
EndProject
Global
	GlobalSection(SolutionConfigurationPlatforms) = preSolution
		Debug|x64 = Debug|x64
		Debug|x86 = Debug|x86
		Release|x64 = Release|x64
		Release|x86 = Release|x86
	EndGlobalSection
	GlobalSection(ProjectConfigurationPlatforms) = postSolution
		{F86099FF-A52B-4FAF-89A6-38DD8FE2EF32}.Debug|x64.ActiveCfg = Debug|x64
		{F86099FF-A52B-4FAF-89A6-38DD8FE2EF32}.Debug|x64.Build.0 = Debug|x64
		{F86099FF-A52B-4FAF-89A6-38DD8FE2EF32}.Debug|x86.ActiveCfg = Debug|Win32
		{F86099FF-A52B-4FAF-89A6-38DD8FE2EF32}.Debug|x86.Build.0 = Debug|Win32
		{F86099FF-A52B-4FAF-89A6-38DD8FE2EF32}.Release|x64.ActiveCfg = Release|x64
		{F86099FF-A52B-4FAF-89A6-38DD8FE2EF32}.Release|x64.Build.0 = Release|x64
		{F86099FF-A52B-4FAF-89A6-38DD8FE2EF32}.Release|x86.ActiveCfg = Release|Win32
		{F86099FF-A52B-4FAF-89A6-38DD8FE2EF32}.Release|x86.Build.0 = Release|Win32
	EndGlobalSection
	GlobalSection(SolutionProperties) = preSolution
		HideSolutionNode = FALSE
	EndGlobalSection
	GlobalSection(ExtensibilityGlobals) = postSolution
		SolutionGuid = {50A02353-31EB-44DE-8A27-ED41185F891B}
	EndGlobalSection
EndGlobal
