
Microsoft Visual Studio Solution File, Format Version 12.00
# Visual Studio Version 16
VisualStudioVersion = 16.0.29306.81
MinimumVisualStudioVersion = 10.0.40219.1
Project("{8BC9CEB8-8B4A-11D0-8D11-00A0C91BC942}") = "73 - 全局函数做友元函数", "73 - 全局函数做友元函数.vcxproj", "{F741B462-4A9E-499C-9696-C85C2D4C297E}"
EndProject
Global
	GlobalSection(SolutionConfigurationPlatforms) = preSolution
		Debug|x64 = Debug|x64
		Debug|x86 = Debug|x86
		Release|x64 = Release|x64
		Release|x86 = Release|x86
	EndGlobalSection
	GlobalSection(ProjectConfigurationPlatforms) = postSolution
		{F741B462-4A9E-499C-9696-C85C2D4C297E}.Debug|x64.ActiveCfg = Debug|x64
		{F741B462-4A9E-499C-9696-C85C2D4C297E}.Debug|x64.Build.0 = Debug|x64
		{F741B462-4A9E-499C-9696-C85C2D4C297E}.Debug|x86.ActiveCfg = Debug|Win32
		{F741B462-4A9E-499C-9696-C85C2D4C297E}.Debug|x86.Build.0 = Debug|Win32
		{F741B462-4A9E-499C-9696-C85C2D4C297E}.Release|x64.ActiveCfg = Release|x64
		{F741B462-4A9E-499C-9696-C85C2D4C297E}.Release|x64.Build.0 = Release|x64
		{F741B462-4A9E-499C-9696-C85C2D4C297E}.Release|x86.ActiveCfg = Release|Win32
		{F741B462-4A9E-499C-9696-C85C2D4C297E}.Release|x86.Build.0 = Release|Win32
	EndGlobalSection
	GlobalSection(SolutionProperties) = preSolution
		HideSolutionNode = FALSE
	EndGlobalSection
	GlobalSection(ExtensibilityGlobals) = postSolution
		SolutionGuid = {C6C26276-E6F4-448C-9336-0C8B90230619}
	EndGlobalSection
EndGlobal
