
Microsoft Visual Studio Solution File, Format Version 12.00
# Visual Studio Version 16
VisualStudioVersion = 16.0.29306.81
MinimumVisualStudioVersion = 10.0.40219.1
Project("{8BC9CEB8-8B4A-11D0-8D11-00A0C91BC942}") = "22 - 类_计算立方体体积和面积", "22 - 类_计算立方体体积和面积.vcxproj", "{08F0D0B2-0A15-4E3A-9C49-450AF50806D9}"
EndProject
Global
	GlobalSection(SolutionConfigurationPlatforms) = preSolution
		Debug|x64 = Debug|x64
		Debug|x86 = Debug|x86
		Release|x64 = Release|x64
		Release|x86 = Release|x86
	EndGlobalSection
	GlobalSection(ProjectConfigurationPlatforms) = postSolution
		{08F0D0B2-0A15-4E3A-9C49-450AF50806D9}.Debug|x64.ActiveCfg = Debug|x64
		{08F0D0B2-0A15-4E3A-9C49-450AF50806D9}.Debug|x64.Build.0 = Debug|x64
		{08F0D0B2-0A15-4E3A-9C49-450AF50806D9}.Debug|x86.ActiveCfg = Debug|Win32
		{08F0D0B2-0A15-4E3A-9C49-450AF50806D9}.Debug|x86.Build.0 = Debug|Win32
		{08F0D0B2-0A15-4E3A-9C49-450AF50806D9}.Release|x64.ActiveCfg = Release|x64
		{08F0D0B2-0A15-4E3A-9C49-450AF50806D9}.Release|x64.Build.0 = Release|x64
		{08F0D0B2-0A15-4E3A-9C49-450AF50806D9}.Release|x86.ActiveCfg = Release|Win32
		{08F0D0B2-0A15-4E3A-9C49-450AF50806D9}.Release|x86.Build.0 = Release|Win32
	EndGlobalSection
	GlobalSection(SolutionProperties) = preSolution
		HideSolutionNode = FALSE
	EndGlobalSection
	GlobalSection(ExtensibilityGlobals) = postSolution
		SolutionGuid = {EEB48EDE-6CB4-48AC-B049-402A760BDE35}
	EndGlobalSection
EndGlobal
