
Microsoft Visual Studio Solution File, Format Version 12.00
# Visual Studio Version 16
VisualStudioVersion = 16.0.29306.81
MinimumVisualStudioVersion = 10.0.40219.1
Project("{8BC9CEB8-8B4A-11D0-8D11-00A0C91BC942}") = "13-指针_学校教案", "13-指针_学校教案.vcxproj", "{FC858929-3009-42C8-8DEB-089530F7C66E}"
EndProject
Global
	GlobalSection(SolutionConfigurationPlatforms) = preSolution
		Debug|x64 = Debug|x64
		Debug|x86 = Debug|x86
		Release|x64 = Release|x64
		Release|x86 = Release|x86
	EndGlobalSection
	GlobalSection(ProjectConfigurationPlatforms) = postSolution
		{FC858929-3009-42C8-8DEB-089530F7C66E}.Debug|x64.ActiveCfg = Debug|x64
		{FC858929-3009-42C8-8DEB-089530F7C66E}.Debug|x64.Build.0 = Debug|x64
		{FC858929-3009-42C8-8DEB-089530F7C66E}.Debug|x86.ActiveCfg = Debug|Win32
		{FC858929-3009-42C8-8DEB-089530F7C66E}.Debug|x86.Build.0 = Debug|Win32
		{FC858929-3009-42C8-8DEB-089530F7C66E}.Release|x64.ActiveCfg = Release|x64
		{FC858929-3009-42C8-8DEB-089530F7C66E}.Release|x64.Build.0 = Release|x64
		{FC858929-3009-42C8-8DEB-089530F7C66E}.Release|x86.ActiveCfg = Release|Win32
		{FC858929-3009-42C8-8DEB-089530F7C66E}.Release|x86.Build.0 = Release|Win32
	EndGlobalSection
	GlobalSection(SolutionProperties) = preSolution
		HideSolutionNode = FALSE
	EndGlobalSection
	GlobalSection(ExtensibilityGlobals) = postSolution
		SolutionGuid = {ED57AF88-5937-4A2E-B892-6975412CD362}
	EndGlobalSection
EndGlobal
