
Microsoft Visual Studio Solution File, Format Version 12.00
# Visual Studio Version 16
VisualStudioVersion = 16.0.29306.81
MinimumVisualStudioVersion = 10.0.40219.1
Project("{8BC9CEB8-8B4A-11D0-8D11-00A0C91BC942}") = "05-数组测试", "05-数组测试.vcxproj", "{522F47B5-3AA2-45AE-828A-D32A9F80E9C4}"
EndProject
Global
	GlobalSection(SolutionConfigurationPlatforms) = preSolution
		Debug|x64 = Debug|x64
		Debug|x86 = Debug|x86
		Release|x64 = Release|x64
		Release|x86 = Release|x86
	EndGlobalSection
	GlobalSection(ProjectConfigurationPlatforms) = postSolution
		{522F47B5-3AA2-45AE-828A-D32A9F80E9C4}.Debug|x64.ActiveCfg = Debug|x64
		{522F47B5-3AA2-45AE-828A-D32A9F80E9C4}.Debug|x64.Build.0 = Debug|x64
		{522F47B5-3AA2-45AE-828A-D32A9F80E9C4}.Debug|x86.ActiveCfg = Debug|Win32
		{522F47B5-3AA2-45AE-828A-D32A9F80E9C4}.Debug|x86.Build.0 = Debug|Win32
		{522F47B5-3AA2-45AE-828A-D32A9F80E9C4}.Release|x64.ActiveCfg = Release|x64
		{522F47B5-3AA2-45AE-828A-D32A9F80E9C4}.Release|x64.Build.0 = Release|x64
		{522F47B5-3AA2-45AE-828A-D32A9F80E9C4}.Release|x86.ActiveCfg = Release|Win32
		{522F47B5-3AA2-45AE-828A-D32A9F80E9C4}.Release|x86.Build.0 = Release|Win32
	EndGlobalSection
	GlobalSection(SolutionProperties) = preSolution
		HideSolutionNode = FALSE
	EndGlobalSection
	GlobalSection(ExtensibilityGlobals) = postSolution
		SolutionGuid = {57108A24-DE30-4895-9826-F315DB6CC7F8}
	EndGlobalSection
EndGlobal
