
Microsoft Visual Studio Solution File, Format Version 12.00
# Visual Studio Version 16
VisualStudioVersion = 16.0.29306.81
MinimumVisualStudioVersion = 10.0.40219.1
Project("{8BC9CEB8-8B4A-11D0-8D11-00A0C91BC942}") = "42 - 指针实现 strcat 函数", "42 - 指针实现 strcat 函数.vcxproj", "{FCFD2811-B676-4E55-979A-35EB2C755FAD}"
EndProject
Global
	GlobalSection(SolutionConfigurationPlatforms) = preSolution
		Debug|x64 = Debug|x64
		Debug|x86 = Debug|x86
		Release|x64 = Release|x64
		Release|x86 = Release|x86
	EndGlobalSection
	GlobalSection(ProjectConfigurationPlatforms) = postSolution
		{FCFD2811-B676-4E55-979A-35EB2C755FAD}.Debug|x64.ActiveCfg = Debug|x64
		{FCFD2811-B676-4E55-979A-35EB2C755FAD}.Debug|x64.Build.0 = Debug|x64
		{FCFD2811-B676-4E55-979A-35EB2C755FAD}.Debug|x86.ActiveCfg = Debug|Win32
		{FCFD2811-B676-4E55-979A-35EB2C755FAD}.Debug|x86.Build.0 = Debug|Win32
		{FCFD2811-B676-4E55-979A-35EB2C755FAD}.Release|x64.ActiveCfg = Release|x64
		{FCFD2811-B676-4E55-979A-35EB2C755FAD}.Release|x64.Build.0 = Release|x64
		{FCFD2811-B676-4E55-979A-35EB2C755FAD}.Release|x86.ActiveCfg = Release|Win32
		{FCFD2811-B676-4E55-979A-35EB2C755FAD}.Release|x86.Build.0 = Release|Win32
	EndGlobalSection
	GlobalSection(SolutionProperties) = preSolution
		HideSolutionNode = FALSE
	EndGlobalSection
	GlobalSection(ExtensibilityGlobals) = postSolution
		SolutionGuid = {C2A1A412-5926-4071-A0E3-17B906B58763}
	EndGlobalSection
EndGlobal
