
Microsoft Visual Studio Solution File, Format Version 12.00
# Visual Studio Version 16
VisualStudioVersion = 16.0.29306.81
MinimumVisualStudioVersion = 10.0.40219.1
Project("{8BC9CEB8-8B4A-11D0-8D11-00A0C91BC942}") = "46 - 结构体成员为指针", "46 - 结构体成员为指针.vcxproj", "{56B7A0B5-D81C-4F01-B340-DA50E7B69396}"
EndProject
Global
	GlobalSection(SolutionConfigurationPlatforms) = preSolution
		Debug|x64 = Debug|x64
		Debug|x86 = Debug|x86
		Release|x64 = Release|x64
		Release|x86 = Release|x86
	EndGlobalSection
	GlobalSection(ProjectConfigurationPlatforms) = postSolution
		{56B7A0B5-D81C-4F01-B340-DA50E7B69396}.Debug|x64.ActiveCfg = Debug|x64
		{56B7A0B5-D81C-4F01-B340-DA50E7B69396}.Debug|x64.Build.0 = Debug|x64
		{56B7A0B5-D81C-4F01-B340-DA50E7B69396}.Debug|x86.ActiveCfg = Debug|Win32
		{56B7A0B5-D81C-4F01-B340-DA50E7B69396}.Debug|x86.Build.0 = Debug|Win32
		{56B7A0B5-D81C-4F01-B340-DA50E7B69396}.Release|x64.ActiveCfg = Release|x64
		{56B7A0B5-D81C-4F01-B340-DA50E7B69396}.Release|x64.Build.0 = Release|x64
		{56B7A0B5-D81C-4F01-B340-DA50E7B69396}.Release|x86.ActiveCfg = Release|Win32
		{56B7A0B5-D81C-4F01-B340-DA50E7B69396}.Release|x86.Build.0 = Release|Win32
	EndGlobalSection
	GlobalSection(SolutionProperties) = preSolution
		HideSolutionNode = FALSE
	EndGlobalSection
	GlobalSection(ExtensibilityGlobals) = postSolution
		SolutionGuid = {13DD0930-A3CD-48FD-B749-6468AF0723C0}
	EndGlobalSection
EndGlobal
