
Microsoft Visual Studio Solution File, Format Version 12.00
# Visual Studio Version 16
VisualStudioVersion = 16.0.29306.81
MinimumVisualStudioVersion = 10.0.40219.1
Project("{8BC9CEB8-8B4A-11D0-8D11-00A0C91BC942}") = "145 - 二叉树的非递归遍历", "145 - 二叉树的非递归遍历.vcxproj", "{4F0C77AA-3527-4C86-970E-5F5ED4FD51B7}"
EndProject
Global
	GlobalSection(SolutionConfigurationPlatforms) = preSolution
		Debug|x64 = Debug|x64
		Debug|x86 = Debug|x86
		Release|x64 = Release|x64
		Release|x86 = Release|x86
	EndGlobalSection
	GlobalSection(ProjectConfigurationPlatforms) = postSolution
		{4F0C77AA-3527-4C86-970E-5F5ED4FD51B7}.Debug|x64.ActiveCfg = Debug|x64
		{4F0C77AA-3527-4C86-970E-5F5ED4FD51B7}.Debug|x64.Build.0 = Debug|x64
		{4F0C77AA-3527-4C86-970E-5F5ED4FD51B7}.Debug|x86.ActiveCfg = Debug|Win32
		{4F0C77AA-3527-4C86-970E-5F5ED4FD51B7}.Debug|x86.Build.0 = Debug|Win32
		{4F0C77AA-3527-4C86-970E-5F5ED4FD51B7}.Release|x64.ActiveCfg = Release|x64
		{4F0C77AA-3527-4C86-970E-5F5ED4FD51B7}.Release|x64.Build.0 = Release|x64
		{4F0C77AA-3527-4C86-970E-5F5ED4FD51B7}.Release|x86.ActiveCfg = Release|Win32
		{4F0C77AA-3527-4C86-970E-5F5ED4FD51B7}.Release|x86.Build.0 = Release|Win32
	EndGlobalSection
	GlobalSection(SolutionProperties) = preSolution
		HideSolutionNode = FALSE
	EndGlobalSection
	GlobalSection(ExtensibilityGlobals) = postSolution
		SolutionGuid = {B39D12A0-DD65-4707-BE13-9BFBB9681BF2}
	EndGlobalSection
EndGlobal
