
Microsoft Visual Studio Solution File, Format Version 12.00
# Visual Studio Version 16
VisualStudioVersion = 16.0.29306.81
MinimumVisualStudioVersion = 10.0.40219.1
Project("{8BC9CEB8-8B4A-11D0-8D11-00A0C91BC942}") = "101 - 函数模板的基本使用", "101 - 函数模板的基本使用.vcxproj", "{44ADED6E-BEFE-46AB-BBE7-E2BFA1D36510}"
EndProject
Global
	GlobalSection(SolutionConfigurationPlatforms) = preSolution
		Debug|x64 = Debug|x64
		Debug|x86 = Debug|x86
		Release|x64 = Release|x64
		Release|x86 = Release|x86
	EndGlobalSection
	GlobalSection(ProjectConfigurationPlatforms) = postSolution
		{44ADED6E-BEFE-46AB-BBE7-E2BFA1D36510}.Debug|x64.ActiveCfg = Debug|x64
		{44ADED6E-BEFE-46AB-BBE7-E2BFA1D36510}.Debug|x64.Build.0 = Debug|x64
		{44ADED6E-BEFE-46AB-BBE7-E2BFA1D36510}.Debug|x86.ActiveCfg = Debug|Win32
		{44ADED6E-BEFE-46AB-BBE7-E2BFA1D36510}.Debug|x86.Build.0 = Debug|Win32
		{44ADED6E-BEFE-46AB-BBE7-E2BFA1D36510}.Release|x64.ActiveCfg = Release|x64
		{44ADED6E-BEFE-46AB-BBE7-E2BFA1D36510}.Release|x64.Build.0 = Release|x64
		{44ADED6E-BEFE-46AB-BBE7-E2BFA1D36510}.Release|x86.ActiveCfg = Release|Win32
		{44ADED6E-BEFE-46AB-BBE7-E2BFA1D36510}.Release|x86.Build.0 = Release|Win32
	EndGlobalSection
	GlobalSection(SolutionProperties) = preSolution
		HideSolutionNode = FALSE
	EndGlobalSection
	GlobalSection(ExtensibilityGlobals) = postSolution
		SolutionGuid = {31072152-C1BA-45A1-B8E9-87F989887E7E}
	EndGlobalSection
EndGlobal
