
Microsoft Visual Studio Solution File, Format Version 12.00
# Visual Studio Version 16
VisualStudioVersion = 16.0.29306.81
MinimumVisualStudioVersion = 10.0.40219.1
Project("{8BC9CEB8-8B4A-11D0-8D11-00A0C91BC942}") = "41 - C语言下 指针和字符串", "41 - C语言下 指针和字符串.vcxproj", "{2FA1C69E-25FE-4709-8EFB-8BF56832DFEE}"
EndProject
Global
	GlobalSection(SolutionConfigurationPlatforms) = preSolution
		Debug|x64 = Debug|x64
		Debug|x86 = Debug|x86
		Release|x64 = Release|x64
		Release|x86 = Release|x86
	EndGlobalSection
	GlobalSection(ProjectConfigurationPlatforms) = postSolution
		{2FA1C69E-25FE-4709-8EFB-8BF56832DFEE}.Debug|x64.ActiveCfg = Debug|x64
		{2FA1C69E-25FE-4709-8EFB-8BF56832DFEE}.Debug|x64.Build.0 = Debug|x64
		{2FA1C69E-25FE-4709-8EFB-8BF56832DFEE}.Debug|x86.ActiveCfg = Debug|Win32
		{2FA1C69E-25FE-4709-8EFB-8BF56832DFEE}.Debug|x86.Build.0 = Debug|Win32
		{2FA1C69E-25FE-4709-8EFB-8BF56832DFEE}.Release|x64.ActiveCfg = Release|x64
		{2FA1C69E-25FE-4709-8EFB-8BF56832DFEE}.Release|x64.Build.0 = Release|x64
		{2FA1C69E-25FE-4709-8EFB-8BF56832DFEE}.Release|x86.ActiveCfg = Release|Win32
		{2FA1C69E-25FE-4709-8EFB-8BF56832DFEE}.Release|x86.Build.0 = Release|Win32
	EndGlobalSection
	GlobalSection(SolutionProperties) = preSolution
		HideSolutionNode = FALSE
	EndGlobalSection
	GlobalSection(ExtensibilityGlobals) = postSolution
		SolutionGuid = {5E894FE1-F3AC-49FE-B0E8-04B5F3FF32D9}
	EndGlobalSection
EndGlobal
