
Microsoft Visual Studio Solution File, Format Version 12.00
# Visual Studio Version 16
VisualStudioVersion = 16.0.29306.81
MinimumVisualStudioVersion = 10.0.40219.1
Project("{8BC9CEB8-8B4A-11D0-8D11-00A0C91BC942}") = "55 - 构造和析构函数 初始化和清理", "55 - 构造和析构函数 初始化和清理.vcxproj", "{156593EE-CFCC-4F36-B354-A85902F65264}"
EndProject
Global
	GlobalSection(SolutionConfigurationPlatforms) = preSolution
		Debug|x64 = Debug|x64
		Debug|x86 = Debug|x86
		Release|x64 = Release|x64
		Release|x86 = Release|x86
	EndGlobalSection
	GlobalSection(ProjectConfigurationPlatforms) = postSolution
		{156593EE-CFCC-4F36-B354-A85902F65264}.Debug|x64.ActiveCfg = Debug|x64
		{156593EE-CFCC-4F36-B354-A85902F65264}.Debug|x64.Build.0 = Debug|x64
		{156593EE-CFCC-4F36-B354-A85902F65264}.Debug|x86.ActiveCfg = Debug|Win32
		{156593EE-CFCC-4F36-B354-A85902F65264}.Debug|x86.Build.0 = Debug|Win32
		{156593EE-CFCC-4F36-B354-A85902F65264}.Release|x64.ActiveCfg = Release|x64
		{156593EE-CFCC-4F36-B354-A85902F65264}.Release|x64.Build.0 = Release|x64
		{156593EE-CFCC-4F36-B354-A85902F65264}.Release|x86.ActiveCfg = Release|Win32
		{156593EE-CFCC-4F36-B354-A85902F65264}.Release|x86.Build.0 = Release|Win32
	EndGlobalSection
	GlobalSection(SolutionProperties) = preSolution
		HideSolutionNode = FALSE
	EndGlobalSection
	GlobalSection(ExtensibilityGlobals) = postSolution
		SolutionGuid = {B7586B7F-E697-4984-A884-97BFA4C60BA3}
	EndGlobalSection
EndGlobal
