
Microsoft Visual Studio Solution File, Format Version 12.00
# Visual Studio Version 16
VisualStudioVersion = 16.0.29306.81
MinimumVisualStudioVersion = 10.0.40219.1
Project("{8BC9CEB8-8B4A-11D0-8D11-00A0C91BC942}") = "23 - 面向对象设计案例-立方体案例", "23 - 面向对象设计案例-立方体案例.vcxproj", "{6EC5D67D-2C31-4EF2-90E0-11E2597D09E5}"
EndProject
Global
	GlobalSection(SolutionConfigurationPlatforms) = preSolution
		Debug|x64 = Debug|x64
		Debug|x86 = Debug|x86
		Release|x64 = Release|x64
		Release|x86 = Release|x86
	EndGlobalSection
	GlobalSection(ProjectConfigurationPlatforms) = postSolution
		{6EC5D67D-2C31-4EF2-90E0-11E2597D09E5}.Debug|x64.ActiveCfg = Debug|x64
		{6EC5D67D-2C31-4EF2-90E0-11E2597D09E5}.Debug|x64.Build.0 = Debug|x64
		{6EC5D67D-2C31-4EF2-90E0-11E2597D09E5}.Debug|x86.ActiveCfg = Debug|Win32
		{6EC5D67D-2C31-4EF2-90E0-11E2597D09E5}.Debug|x86.Build.0 = Debug|Win32
		{6EC5D67D-2C31-4EF2-90E0-11E2597D09E5}.Release|x64.ActiveCfg = Release|x64
		{6EC5D67D-2C31-4EF2-90E0-11E2597D09E5}.Release|x64.Build.0 = Release|x64
		{6EC5D67D-2C31-4EF2-90E0-11E2597D09E5}.Release|x86.ActiveCfg = Release|Win32
		{6EC5D67D-2C31-4EF2-90E0-11E2597D09E5}.Release|x86.Build.0 = Release|Win32
	EndGlobalSection
	GlobalSection(SolutionProperties) = preSolution
		HideSolutionNode = FALSE
	EndGlobalSection
	GlobalSection(ExtensibilityGlobals) = postSolution
		SolutionGuid = {26C6285A-9D5B-4202-A97D-02C14B5FEA99}
	EndGlobalSection
EndGlobal
