
Microsoft Visual Studio Solution File, Format Version 12.00
# Visual Studio Version 16
VisualStudioVersion = 16.0.29306.81
MinimumVisualStudioVersion = 10.0.40219.1
Project("{8BC9CEB8-8B4A-11D0-8D11-00A0C91BC942}") = "74 - 整个类做友元类", "74 - 整个类做友元类.vcxproj", "{931EF38E-CBCA-4B28-A4C4-743E8FC0A8E3}"
EndProject
Global
	GlobalSection(SolutionConfigurationPlatforms) = preSolution
		Debug|x64 = Debug|x64
		Debug|x86 = Debug|x86
		Release|x64 = Release|x64
		Release|x86 = Release|x86
	EndGlobalSection
	GlobalSection(ProjectConfigurationPlatforms) = postSolution
		{931EF38E-CBCA-4B28-A4C4-743E8FC0A8E3}.Debug|x64.ActiveCfg = Debug|x64
		{931EF38E-CBCA-4B28-A4C4-743E8FC0A8E3}.Debug|x64.Build.0 = Debug|x64
		{931EF38E-CBCA-4B28-A4C4-743E8FC0A8E3}.Debug|x86.ActiveCfg = Debug|Win32
		{931EF38E-CBCA-4B28-A4C4-743E8FC0A8E3}.Debug|x86.Build.0 = Debug|Win32
		{931EF38E-CBCA-4B28-A4C4-743E8FC0A8E3}.Release|x64.ActiveCfg = Release|x64
		{931EF38E-CBCA-4B28-A4C4-743E8FC0A8E3}.Release|x64.Build.0 = Release|x64
		{931EF38E-CBCA-4B28-A4C4-743E8FC0A8E3}.Release|x86.ActiveCfg = Release|Win32
		{931EF38E-CBCA-4B28-A4C4-743E8FC0A8E3}.Release|x86.Build.0 = Release|Win32
	EndGlobalSection
	GlobalSection(SolutionProperties) = preSolution
		HideSolutionNode = FALSE
	EndGlobalSection
	GlobalSection(ExtensibilityGlobals) = postSolution
		SolutionGuid = {94B3359F-98A3-4F28-8518-AD8AD02B6179}
	EndGlobalSection
EndGlobal
