
Microsoft Visual Studio Solution File, Format Version 12.00
# Visual Studio Version 16
VisualStudioVersion = 16.0.29306.81
MinimumVisualStudioVersion = 10.0.40219.1
Project("{8BC9CEB8-8B4A-11D0-8D11-00A0C91BC942}") = "144 - 拷贝并释放二叉树", "144 - 拷贝并释放二叉树.vcxproj", "{D651A2FA-DA6A-41AC-ACB7-151010A2BE88}"
EndProject
Global
	GlobalSection(SolutionConfigurationPlatforms) = preSolution
		Debug|x64 = Debug|x64
		Debug|x86 = Debug|x86
		Release|x64 = Release|x64
		Release|x86 = Release|x86
	EndGlobalSection
	GlobalSection(ProjectConfigurationPlatforms) = postSolution
		{D651A2FA-DA6A-41AC-ACB7-151010A2BE88}.Debug|x64.ActiveCfg = Debug|x64
		{D651A2FA-DA6A-41AC-ACB7-151010A2BE88}.Debug|x64.Build.0 = Debug|x64
		{D651A2FA-DA6A-41AC-ACB7-151010A2BE88}.Debug|x86.ActiveCfg = Debug|Win32
		{D651A2FA-DA6A-41AC-ACB7-151010A2BE88}.Debug|x86.Build.0 = Debug|Win32
		{D651A2FA-DA6A-41AC-ACB7-151010A2BE88}.Release|x64.ActiveCfg = Release|x64
		{D651A2FA-DA6A-41AC-ACB7-151010A2BE88}.Release|x64.Build.0 = Release|x64
		{D651A2FA-DA6A-41AC-ACB7-151010A2BE88}.Release|x86.ActiveCfg = Release|Win32
		{D651A2FA-DA6A-41AC-ACB7-151010A2BE88}.Release|x86.Build.0 = Release|Win32
	EndGlobalSection
	GlobalSection(SolutionProperties) = preSolution
		HideSolutionNode = FALSE
	EndGlobalSection
	GlobalSection(ExtensibilityGlobals) = postSolution
		SolutionGuid = {6C5E5DDD-9595-40F0-B60C-64BF851DA73F}
	EndGlobalSection
EndGlobal
