
Microsoft Visual Studio Solution File, Format Version 12.00
# Visual Studio Version 16
VisualStudioVersion = 16.0.29306.81
MinimumVisualStudioVersion = 10.0.40219.1
Project("{8BC9CEB8-8B4A-11D0-8D11-00A0C91BC942}") = "141 - 二叉树递归遍历", "141 - 二叉树递归遍历.vcxproj", "{F0F18F22-4966-4CCE-BFA4-F13016C8154A}"
EndProject
Global
	GlobalSection(SolutionConfigurationPlatforms) = preSolution
		Debug|x64 = Debug|x64
		Debug|x86 = Debug|x86
		Release|x64 = Release|x64
		Release|x86 = Release|x86
	EndGlobalSection
	GlobalSection(ProjectConfigurationPlatforms) = postSolution
		{F0F18F22-4966-4CCE-BFA4-F13016C8154A}.Debug|x64.ActiveCfg = Debug|x64
		{F0F18F22-4966-4CCE-BFA4-F13016C8154A}.Debug|x64.Build.0 = Debug|x64
		{F0F18F22-4966-4CCE-BFA4-F13016C8154A}.Debug|x86.ActiveCfg = Debug|Win32
		{F0F18F22-4966-4CCE-BFA4-F13016C8154A}.Debug|x86.Build.0 = Debug|Win32
		{F0F18F22-4966-4CCE-BFA4-F13016C8154A}.Release|x64.ActiveCfg = Release|x64
		{F0F18F22-4966-4CCE-BFA4-F13016C8154A}.Release|x64.Build.0 = Release|x64
		{F0F18F22-4966-4CCE-BFA4-F13016C8154A}.Release|x86.ActiveCfg = Release|Win32
		{F0F18F22-4966-4CCE-BFA4-F13016C8154A}.Release|x86.Build.0 = Release|Win32
	EndGlobalSection
	GlobalSection(SolutionProperties) = preSolution
		HideSolutionNode = FALSE
	EndGlobalSection
	GlobalSection(ExtensibilityGlobals) = postSolution
		SolutionGuid = {7BA29664-FB72-4205-99C1-0490F3555C98}
	EndGlobalSection
EndGlobal
