
Microsoft Visual Studio Solution File, Format Version 12.00
# Visual Studio Version 16
VisualStudioVersion = 16.0.29306.81
MinimumVisualStudioVersion = 10.0.40219.1
Project("{8BC9CEB8-8B4A-11D0-8D11-00A0C91BC942}") = "152 - 队列的链式存储", "152 - 队列的链式存储.vcxproj", "{3909F2C3-8C0F-46D3-AA6C-315417F37877}"
EndProject
Global
	GlobalSection(SolutionConfigurationPlatforms) = preSolution
		Debug|x64 = Debug|x64
		Debug|x86 = Debug|x86
		Release|x64 = Release|x64
		Release|x86 = Release|x86
	EndGlobalSection
	GlobalSection(ProjectConfigurationPlatforms) = postSolution
		{3909F2C3-8C0F-46D3-AA6C-315417F37877}.Debug|x64.ActiveCfg = Debug|x64
		{3909F2C3-8C0F-46D3-AA6C-315417F37877}.Debug|x64.Build.0 = Debug|x64
		{3909F2C3-8C0F-46D3-AA6C-315417F37877}.Debug|x86.ActiveCfg = Debug|Win32
		{3909F2C3-8C0F-46D3-AA6C-315417F37877}.Debug|x86.Build.0 = Debug|Win32
		{3909F2C3-8C0F-46D3-AA6C-315417F37877}.Release|x64.ActiveCfg = Release|x64
		{3909F2C3-8C0F-46D3-AA6C-315417F37877}.Release|x64.Build.0 = Release|x64
		{3909F2C3-8C0F-46D3-AA6C-315417F37877}.Release|x86.ActiveCfg = Release|Win32
		{3909F2C3-8C0F-46D3-AA6C-315417F37877}.Release|x86.Build.0 = Release|Win32
	EndGlobalSection
	GlobalSection(SolutionProperties) = preSolution
		HideSolutionNode = FALSE
	EndGlobalSection
	GlobalSection(ExtensibilityGlobals) = postSolution
		SolutionGuid = {6F03FCE7-E732-46B6-A8C2-5E88BD8B2D63}
	EndGlobalSection
EndGlobal
