
Microsoft Visual Studio Solution File, Format Version 12.00
# Visual Studio Version 16
VisualStudioVersion = 16.0.29306.81
MinimumVisualStudioVersion = 10.0.40219.1
Project("{8BC9CEB8-8B4A-11D0-8D11-00A0C91BC942}") = "60 - 动态链表", "60 - 动态链表.vcxproj", "{59500BE5-B5FE-48B2-A512-03E0CBEB3C73}"
EndProject
Global
	GlobalSection(SolutionConfigurationPlatforms) = preSolution
		Debug|x64 = Debug|x64
		Debug|x86 = Debug|x86
		Release|x64 = Release|x64
		Release|x86 = Release|x86
	EndGlobalSection
	GlobalSection(ProjectConfigurationPlatforms) = postSolution
		{59500BE5-B5FE-48B2-A512-03E0CBEB3C73}.Debug|x64.ActiveCfg = Debug|x64
		{59500BE5-B5FE-48B2-A512-03E0CBEB3C73}.Debug|x64.Build.0 = Debug|x64
		{59500BE5-B5FE-48B2-A512-03E0CBEB3C73}.Debug|x86.ActiveCfg = Debug|Win32
		{59500BE5-B5FE-48B2-A512-03E0CBEB3C73}.Debug|x86.Build.0 = Debug|Win32
		{59500BE5-B5FE-48B2-A512-03E0CBEB3C73}.Release|x64.ActiveCfg = Release|x64
		{59500BE5-B5FE-48B2-A512-03E0CBEB3C73}.Release|x64.Build.0 = Release|x64
		{59500BE5-B5FE-48B2-A512-03E0CBEB3C73}.Release|x86.ActiveCfg = Release|Win32
		{59500BE5-B5FE-48B2-A512-03E0CBEB3C73}.Release|x86.Build.0 = Release|Win32
	EndGlobalSection
	GlobalSection(SolutionProperties) = preSolution
		HideSolutionNode = FALSE
	EndGlobalSection
	GlobalSection(ExtensibilityGlobals) = postSolution
		SolutionGuid = {8FDACE89-6C7D-42CD-886D-0B1A8FBA5612}
	EndGlobalSection
EndGlobal
